
Microsoft Visual Studio Solution File, Format Version 12.00
# Visual Studio Version 16
VisualStudioVersion = 25.0.1705.0
MinimumVisualStudioVersion = 10.0.40219.1
Project("{FAE04EC0-301F-11D3-BF4B-00C04F79EFBC}") = "Agenda", "Agenda\Agenda.csproj", "{E5E5E49E-1661-4E75-B83F-1F076E6866A1}"
EndProject
Project("{FAE04EC0-301F-11D3-BF4B-00C04F79EFBC}") = "LibrarieModele", "LibrarieModele\LibrarieModele.csproj", "{BFB180BA-ECA8-4A8E-B18B-04BC1D533EFC}"
EndProject
Project("{FAE04EC0-301F-11D3-BF4B-00C04F79EFBC}") = "NivelStocareDate", "TaskManagement\NivelStocareDate.csproj", "{FEA4D6E6-277E-4602-96FC-716316CB6907}"
EndProject
Global
	GlobalSection(SolutionConfigurationPlatforms) = preSolution
		Debug|Any CPU = Debug|Any CPU
		Release|Any CPU = Release|Any CPU
	EndGlobalSection
	GlobalSection(ProjectConfigurationPlatforms) = postSolution
		{E5E5E49E-1661-4E75-B83F-1F076E6866A1}.Debug|Any CPU.ActiveCfg = Debug|Any CPU
		{E5E5E49E-1661-4E75-B83F-1F076E6866A1}.Debug|Any CPU.Build.0 = Debug|Any CPU
		{E5E5E49E-1661-4E75-B83F-1F076E6866A1}.Release|Any CPU.ActiveCfg = Release|Any CPU
		{E5E5E49E-1661-4E75-B83F-1F076E6866A1}.Release|Any CPU.Build.0 = Release|Any CPU
		{BFB180BA-ECA8-4A8E-B18B-04BC1D533EFC}.Debug|Any CPU.ActiveCfg = Debug|Any CPU
		{BFB180BA-ECA8-4A8E-B18B-04BC1D533EFC}.Debug|Any CPU.Build.0 = Debug|Any CPU
		{BFB180BA-ECA8-4A8E-B18B-04BC1D533EFC}.Release|Any CPU.ActiveCfg = Release|Any CPU
		{BFB180BA-ECA8-4A8E-B18B-04BC1D533EFC}.Release|Any CPU.Build.0 = Release|Any CPU
		{FEA4D6E6-277E-4602-96FC-716316CB6907}.Debug|Any CPU.ActiveCfg = Debug|Any CPU
		{FEA4D6E6-277E-4602-96FC-716316CB6907}.Debug|Any CPU.Build.0 = Debug|Any CPU
		{FEA4D6E6-277E-4602-96FC-716316CB6907}.Release|Any CPU.ActiveCfg = Release|Any CPU
		{FEA4D6E6-277E-4602-96FC-716316CB6907}.Release|Any CPU.Build.0 = Release|Any CPU
	EndGlobalSection
	GlobalSection(SolutionProperties) = preSolution
		HideSolutionNode = FALSE
	EndGlobalSection
	GlobalSection(ExtensibilityGlobals) = postSolution
		SolutionGuid = {1D7583B5-3B01-4035-BAEF-2F24A70F18D8}
	EndGlobalSection
EndGlobal
